// !$*UTF8*$!
{
	archiveVersion = 1;
	classes = {
	};
	objectVersion = 46;
	objects = {

/* Begin PBXBuildFile section */
		47E4F77A19A56F6800CAFC41 /* Foundation.framework in Frameworks */ = {isa = PBXBuildFile; fileRef = 47E4F77919A56F6800CAFC41 /* Foundation.framework */; };
		47E4F77C19A56F6800CAFC41 /* CoreGraphics.framework in Frameworks */ = {isa = PBXBuildFile; fileRef = 47E4F77B19A56F6800CAFC41 /* CoreGraphics.framework */; };
		47E4F77E19A56F6800CAFC41 /* UIKit.framework in Frameworks */ = {isa = PBXBuildFile; fileRef = 47E4F77D19A56F6800CAFC41 /* UIKit.framework */; };
		47E4F78419A56F6800CAFC41 /* InfoPlist.strings in Resources */ = {isa = PBXBuildFile; fileRef = 47E4F78219A56F6800CAFC41 /* InfoPlist.strings */; };
		47E4F78619A56F6800CAFC41 /* main.m in Sources */ = {isa = PBXBuildFile; fileRef = 47E4F78519A56F6800CAFC41 /* main.m */; };
		47E4F78A19A56F6800CAFC41 /* AppDelegate.m in Sources */ = {isa = PBXBuildFile; fileRef = 47E4F78919A56F6800CAFC41 /* AppDelegate.m */; };
		47E4F78C19A56F6800CAFC41 /* Images.xcassets in Resources */ = {isa = PBXBuildFile; fileRef = 47E4F78B19A56F6800CAFC41 /* Images.xcassets */; };
		47E4F79319A56F6800CAFC41 /* XCTest.framework in Frameworks */ = {isa = PBXBuildFile; fileRef = 47E4F79219A56F6800CAFC41 /* XCTest.framework */; };
		47E4F79419A56F6800CAFC41 /* Foundation.framework in Frameworks */ = {isa = PBXBuildFile; fileRef = 47E4F77919A56F6800CAFC41 /* Foundation.framework */; };
		47E4F79519A56F6800CAFC41 /* UIKit.framework in Frameworks */ = {isa = PBXBuildFile; fileRef = 47E4F77D19A56F6800CAFC41 /* UIKit.framework */; };
		47E4F79D19A56F6800CAFC41 /* InfoPlist.strings in Resources */ = {isa = PBXBuildFile; fileRef = 47E4F79B19A56F6800CAFC41 /* InfoPlist.strings */; };
		47E4F79F19A56F6800CAFC41 /* HypnoNerdTests.m in Sources */ = {isa = PBXBuildFile; fileRef = 47E4F79E19A56F6800CAFC41 /* HypnoNerdTests.m */; };
		47E4F7AA19A56F8500CAFC41 /* HypnosisView.m in Sources */ = {isa = PBXBuildFile; fileRef = 47E4F7A919A56F8500CAFC41 /* HypnosisView.m */; };
		47E4F7AD19A56FAC00CAFC41 /* HypnosisViewController.m in Sources */ = {isa = PBXBuildFile; fileRef = 47E4F7AC19A56FAC00CAFC41 /* HypnosisViewController.m */; };
/* End PBXBuildFile section */

/* Begin PBXContainerItemProxy section */
		47E4F79619A56F6800CAFC41 /* PBXContainerItemProxy */ = {
			isa = PBXContainerItemProxy;
			containerPortal = 47E4F76E19A56F6800CAFC41 /* Project object */;
			proxyType = 1;
			remoteGlobalIDString = 47E4F77519A56F6800CAFC41;
			remoteInfo = HypnoNerd;
		};
/* End PBXContainerItemProxy section */

/* Begin PBXFileReference section */
		47E4F77619A56F6800CAFC41 /* HypnoNerd.app */ = {isa = PBXFileReference; explicitFileType = wrapper.application; includeInIndex = 0; path = HypnoNerd.app; sourceTree = BUILT_PRODUCTS_DIR; };
		47E4F77919A56F6800CAFC41 /* Foundation.framework */ = {isa = PBXFileReference; lastKnownFileType = wrapper.framework; name = Foundation.framework; path = System/Library/Frameworks/Foundation.framework; sourceTree = SDKROOT; };
		47E4F77B19A56F6800CAFC41 /* CoreGraphics.framework */ = {isa = PBXFileReference; lastKnownFileType = wrapper.framework; name = CoreGraphics.framework; path = System/Library/Frameworks/CoreGraphics.framework; sourceTree = SDKROOT; };
		47E4F77D19A56F6800CAFC41 /* UIKit.framework */ = {isa = PBXFileReference; lastKnownFileType = wrapper.framework; name = UIKit.framework; path = System/Library/Frameworks/UIKit.framework; sourceTree = SDKROOT; };
		47E4F78119A56F6800CAFC41 /* HypnoNerd-Info.plist */ = {isa = PBXFileReference; lastKnownFileType = text.plist.xml; path = "HypnoNerd-Info.plist"; sourceTree = "<group>"; };
		47E4F78319A56F6800CAFC41 /* en */ = {isa = PBXFileReference; lastKnownFileType = text.plist.strings; name = en; path = en.lproj/InfoPlist.strings; sourceTree = "<group>"; };
		47E4F78519A56F6800CAFC41 /* main.m */ = {isa = PBXFileReference; lastKnownFileType = sourcecode.c.objc; path = main.m; sourceTree = "<group>"; };
		47E4F78719A56F6800CAFC41 /* HypnoNerd-Prefix.pch */ = {isa = PBXFileReference; lastKnownFileType = sourcecode.c.h; path = "HypnoNerd-Prefix.pch"; sourceTree = "<group>"; };
		47E4F78819A56F6800CAFC41 /* AppDelegate.h */ = {isa = PBXFileReference; lastKnownFileType = sourcecode.c.h; path = AppDelegate.h; sourceTree = "<group>"; };
		47E4F78919A56F6800CAFC41 /* AppDelegate.m */ = {isa = PBXFileReference; lastKnownFileType = sourcecode.c.objc; path = AppDelegate.m; sourceTree = "<group>"; };
		47E4F78B19A56F6800CAFC41 /* Images.xcassets */ = {isa = PBXFileReference; lastKnownFileType = folder.assetcatalog; path = Images.xcassets; sourceTree = "<group>"; };
		47E4F79119A56F6800CAFC41 /* HypnoNerdTests.xctest */ = {isa = PBXFileReference; explicitFileType = wrapper.cfbundle; includeInIndex = 0; path = HypnoNerdTests.xctest; sourceTree = BUILT_PRODUCTS_DIR; };
		47E4F79219A56F6800CAFC41 /* XCTest.framework */ = {isa = PBXFileReference; lastKnownFileType = wrapper.framework; name = XCTest.framework; path = Library/Frameworks/XCTest.framework; sourceTree = DEVELOPER_DIR; };
		47E4F79A19A56F6800CAFC41 /* HypnoNerdTests-Info.plist */ = {isa = PBXFileReference; lastKnownFileType = text.plist.xml; path = "HypnoNerdTests-Info.plist"; sourceTree = "<group>"; };
		47E4F79C19A56F6800CAFC41 /* en */ = {isa = PBXFileReference; lastKnownFileType = text.plist.strings; name = en; path = en.lproj/InfoPlist.strings; sourceTree = "<group>"; };
		47E4F79E19A56F6800CAFC41 /* HypnoNerdTests.m */ = {isa = PBXFileReference; lastKnownFileType = sourcecode.c.objc; path = HypnoNerdTests.m; sourceTree = "<group>"; };
		47E4F7A819A56F8500CAFC41 /* HypnosisView.h */ = {isa = PBXFileReference; fileEncoding = 4; lastKnownFileType = sourcecode.c.h; path = HypnosisView.h; sourceTree = "<group>"; };
		47E4F7A919A56F8500CAFC41 /* HypnosisView.m */ = {isa = PBXFileReference; fileEncoding = 4; lastKnownFileType = sourcecode.c.objc; path = HypnosisView.m; sourceTree = "<group>"; };
		47E4F7AB19A56FAC00CAFC41 /* HypnosisViewController.h */ = {isa = PBXFileReference; fileEncoding = 4; lastKnownFileType = sourcecode.c.h; path = HypnosisViewController.h; sourceTree = "<group>"; };
		47E4F7AC19A56FAC00CAFC41 /* HypnosisViewController.m */ = {isa = PBXFileReference; fileEncoding = 4; lastKnownFileType = sourcecode.c.objc; path = HypnosisViewController.m; sourceTree = "<group>"; };
/* End PBXFileReference section */

/* Begin PBXFrameworksBuildPhase section */
		47E4F77319A56F6800CAFC41 /* Frameworks */ = {
			isa = PBXFrameworksBuildPhase;
			buildActionMask = 2147483647;
			files = (
				47E4F77C19A56F6800CAFC41 /* CoreGraphics.framework in Frameworks */,
				47E4F77E19A56F6800CAFC41 /* UIKit.framework in Frameworks */,
				47E4F77A19A56F6800CAFC41 /* Foundation.framework in Frameworks */,
			);
			runOnlyForDeploymentPostprocessing = 0;
		};
		47E4F78E19A56F6800CAFC41 /* Frameworks */ = {
			isa = PBXFrameworksBuildPhase;
			buildActionMask = 2147483647;
			files = (
				47E4F79319A56F6800CAFC41 /* XCTest.framework in Frameworks */,
				47E4F79519A56F6800CAFC41 /* UIKit.framework in Frameworks */,
				47E4F79419A56F6800CAFC41 /* Foundation.framework in Frameworks */,
			);
			runOnlyForDeploymentPostprocessing = 0;
		};
/* End PBXFrameworksBuildPhase section */

/* Begin PBXGroup section */
		47E4F76D19A56F6800CAFC41 = {
			isa = PBXGroup;
			children = (
				47E4F7AB19A56FAC00CAFC41 /* HypnosisViewController.h */,
				47E4F7AC19A56FAC00CAFC41 /* HypnosisViewController.m */,
				47E4F77F19A56F6800CAFC41 /* HypnoNerd */,
				47E4F79819A56F6800CAFC41 /* HypnoNerdTests */,
				47E4F77819A56F6800CAFC41 /* Frameworks */,
				47E4F77719A56F6800CAFC41 /* Products */,
			);
			sourceTree = "<group>";
		};
		47E4F77719A56F6800CAFC41 /* Products */ = {
			isa = PBXGroup;
			children = (
				47E4F77619A56F6800CAFC41 /* HypnoNerd.app */,
				47E4F79119A56F6800CAFC41 /* HypnoNerdTests.xctest */,
			);
			name = Products;
			sourceTree = "<group>";
		};
		47E4F77819A56F6800CAFC41 /* Frameworks */ = {
			isa = PBXGroup;
			children = (
				47E4F77919A56F6800CAFC41 /* Foundation.framework */,
				47E4F77B19A56F6800CAFC41 /* CoreGraphics.framework */,
				47E4F77D19A56F6800CAFC41 /* UIKit.framework */,
				47E4F79219A56F6800CAFC41 /* XCTest.framework */,
			);
			name = Frameworks;
			sourceTree = "<group>";
		};
		47E4F77F19A56F6800CAFC41 /* HypnoNerd */ = {
			isa = PBXGroup;
			children = (
				47E4F78819A56F6800CAFC41 /* AppDelegate.h */,
				47E4F78919A56F6800CAFC41 /* AppDelegate.m */,
				47E4F7A819A56F8500CAFC41 /* HypnosisView.h */,
				47E4F7A919A56F8500CAFC41 /* HypnosisView.m */,
				47E4F78B19A56F6800CAFC41 /* Images.xcassets */,
				47E4F78019A56F6800CAFC41 /* Supporting Files */,
			);
			path = HypnoNerd;
			sourceTree = "<group>";
		};
		47E4F78019A56F6800CAFC41 /* Supporting Files */ = {
			isa = PBXGroup;
			children = (
				47E4F78119A56F6800CAFC41 /* HypnoNerd-Info.plist */,
				47E4F78219A56F6800CAFC41 /* InfoPlist.strings */,
				47E4F78519A56F6800CAFC41 /* main.m */,
				47E4F78719A56F6800CAFC41 /* HypnoNerd-Prefix.pch */,
			);
			name = "Supporting Files";
			sourceTree = "<group>";
		};
		47E4F79819A56F6800CAFC41 /* HypnoNerdTests */ = {
			isa = PBXGroup;
			children = (
				47E4F79E19A56F6800CAFC41 /* HypnoNerdTests.m */,
				47E4F79919A56F6800CAFC41 /* Supporting Files */,
			);
			path = HypnoNerdTests;
			sourceTree = "<group>";
		};
		47E4F79919A56F6800CAFC41 /* Supporting Files */ = {
			isa = PBXGroup;
			children = (
				47E4F79A19A56F6800CAFC41 /* HypnoNerdTests-Info.plist */,
				47E4F79B19A56F6800CAFC41 /* InfoPlist.strings */,
			);
			name = "Supporting Files";
			sourceTree = "<group>";
		};
/* End PBXGroup section */

/* Begin PBXNativeTarget section */
		47E4F77519A56F6800CAFC41 /* HypnoNerd */ = {
			isa = PBXNativeTarget;
			buildConfigurationList = 47E4F7A219A56F6800CAFC41 /* Build configuration list for PBXNativeTarget "HypnoNerd" */;
			buildPhases = (
				47E4F77219A56F6800CAFC41 /* Sources */,
				47E4F77319A56F6800CAFC41 /* Frameworks */,
				47E4F77419A56F6800CAFC41 /* Resources */,
			);
			buildRules = (
			);
			dependencies = (
			);
			name = HypnoNerd;
			productName = HypnoNerd;
			productReference = 47E4F77619A56F6800CAFC41 /* HypnoNerd.app */;
			productType = "com.apple.product-type.application";
		};
		47E4F79019A56F6800CAFC41 /* HypnoNerdTests */ = {
			isa = PBXNativeTarget;
			buildConfigurationList = 47E4F7A519A56F6800CAFC41 /* Build configuration list for PBXNativeTarget "HypnoNerdTests" */;
			buildPhases = (
				47E4F78D19A56F6800CAFC41 /* Sources */,
				47E4F78E19A56F6800CAFC41 /* Frameworks */,
				47E4F78F19A56F6800CAFC41 /* Resources */,
			);
			buildRules = (
			);
			dependencies = (
				47E4F79719A56F6800CAFC41 /* PBXTargetDependency */,
			);
			name = HypnoNerdTests;
			productName = HypnoNerdTests;
			productReference = 47E4F79119A56F6800CAFC41 /* HypnoNerdTests.xctest */;
			productType = "com.apple.product-type.bundle.unit-test";
		};
/* End PBXNativeTarget section */

/* Begin PBXProject section */
		47E4F76E19A56F6800CAFC41 /* Project object */ = {
			isa = PBXProject;
			attributes = {
				LastUpgradeCheck = 0510;
				ORGANIZATIONNAME = "___FULLUSERNAME___";
				TargetAttributes = {
					47E4F79019A56F6800CAFC41 = {
						TestTargetID = 47E4F77519A56F6800CAFC41;
					};
				};
			};
			buildConfigurationList = 47E4F77119A56F6800CAFC41 /* Build configuration list for PBXProject "HypnoNerd" */;
			compatibilityVersion = "Xcode 3.2";
			developmentRegion = English;
			hasScannedForEncodings = 0;
			knownRegions = (
				en,
			);
			mainGroup = 47E4F76D19A56F6800CAFC41;
			productRefGroup = 47E4F77719A56F6800CAFC41 /* Products */;
			projectDirPath = "";
			projectRoot = "";
			targets = (
				47E4F77519A56F6800CAFC41 /* HypnoNerd */,
				47E4F79019A56F6800CAFC41 /* HypnoNerdTests */,
			);
		};
/* End PBXProject section */

/* Begin PBXResourcesBuildPhase section */
		47E4F77419A56F6800CAFC41 /* Resources */ = {
			isa = PBXResourcesBuildPhase;
			buildActionMask = 2147483647;
			files = (
				47E4F78419A56F6800CAFC41 /* InfoPlist.strings in Resources */,
				47E4F78C19A56F6800CAFC41 /* Images.xcassets in Resources */,
			);
			runOnlyForDeploymentPostprocessing = 0;
		};
		47E4F78F19A56F6800CAFC41 /* Resources */ = {
			isa = PBXResourcesBuildPhase;
			buildActionMask = 2147483647;
			files = (
				47E4F79D19A56F6800CAFC41 /* InfoPlist.strings in Resources */,
			);
			runOnlyForDeploymentPostprocessing = 0;
		};
/* End PBXResourcesBuildPhase section */

/* Begin PBXSourcesBuildPhase section */
		47E4F77219A56F6800CAFC41 /* Sources */ = {
			isa = PBXSourcesBuildPhase;
			buildActionMask = 2147483647;
			files = (
				47E4F78A19A56F6800CAFC41 /* AppDelegate.m in Sources */,
				47E4F78619A56F6800CAFC41 /* main.m in Sources */,
				47E4F7AA19A56F8500CAFC41 /* HypnosisView.m in Sources */,
				47E4F7AD19A56FAC00CAFC41 /* HypnosisViewController.m in Sources */,
			);
			runOnlyForDeploymentPostprocessing = 0;
		};
		47E4F78D19A56F6800CAFC41 /* Sources */ = {
			isa = PBXSourcesBuildPhase;
			buildActionMask = 2147483647;
			files = (
				47E4F79F19A56F6800CAFC41 /* HypnoNerdTests.m in Sources */,
			);
			runOnlyForDeploymentPostprocessing = 0;
		};
/* End PBXSourcesBuildPhase section */

/* Begin PBXTargetDependency section */
		47E4F79719A56F6800CAFC41 /* PBXTargetDependency */ = {
			isa = PBXTargetDependency;
			target = 47E4F77519A56F6800CAFC41 /* HypnoNerd */;
			targetProxy = 47E4F79619A56F6800CAFC41 /* PBXContainerItemProxy */;
		};
/* End PBXTargetDependency section */

/* Begin PBXVariantGroup section */
		47E4F78219A56F6800CAFC41 /* InfoPlist.strings */ = {
			isa = PBXVariantGroup;
			children = (
				47E4F78319A56F6800CAFC41 /* en */,
			);
			name = InfoPlist.strings;
			sourceTree = "<group>";
		};
		47E4F79B19A56F6800CAFC41 /* InfoPlist.strings */ = {
			isa = PBXVariantGroup;
			children = (
				47E4F79C19A56F6800CAFC41 /* en */,
			);
			name = InfoPlist.strings;
			sourceTree = "<group>";
		};
/* End PBXVariantGroup section */

/* Begin XCBuildConfiguration section */
		47E4F7A019A56F6800CAFC41 /* Debug */ = {
			isa = XCBuildConfiguration;
			buildSettings = {
				ALWAYS_SEARCH_USER_PATHS = NO;
				CLANG_CXX_LANGUAGE_STANDARD = "gnu++0x";
				CLANG_CXX_LIBRARY = "libc++";
				CLANG_ENABLE_MODULES = YES;
				CLANG_ENABLE_OBJC_ARC = YES;
				CLANG_WARN_BOOL_CONVERSION = YES;
				CLANG_WARN_CONSTANT_CONVERSION = YES;
				CLANG_WARN_DIRECT_OBJC_ISA_USAGE = YES_ERROR;
				CLANG_WARN_EMPTY_BODY = YES;
				CLANG_WARN_ENUM_CONVERSION = YES;
				CLANG_WARN_INT_CONVERSION = YES;
				CLANG_WARN_OBJC_ROOT_CLASS = YES_ERROR;
				CLANG_WARN__DUPLICATE_METHOD_MATCH = YES;
				"CODE_SIGN_IDENTITY[sdk=iphoneos*]" = "iPhone Developer";
				COPY_PHASE_STRIP = NO;
				GCC_C_LANGUAGE_STANDARD = gnu99;
				GCC_DYNAMIC_NO_PIC = NO;
				GCC_OPTIMIZATION_LEVEL = 0;
				GCC_PREPROCESSOR_DEFINITIONS = (
					"DEBUG=1",
					"$(inherited)",
				);
				GCC_SYMBOLS_PRIVATE_EXTERN = NO;
				GCC_WARN_64_TO_32_BIT_CONVERSION = YES;
				GCC_WARN_ABOUT_RETURN_TYPE = YES_ERROR;
				GCC_WARN_UNDECLARED_SELECTOR = YES;
				GCC_WARN_UNINITIALIZED_AUTOS = YES_AGGRESSIVE;
				GCC_WARN_UNUSED_FUNCTION = YES;
				GCC_WARN_UNUSED_VARIABLE = YES;
				IPHONEOS_DEPLOYMENT_TARGET = 7.1;
				ONLY_ACTIVE_ARCH = YES;
				SDKROOT = iphoneos;
			};
			name = Debug;
		};
		47E4F7A119A56F6800CAFC41 /* Release */ = {
			isa = XCBuildConfiguration;
			buildSettings = {
				ALWAYS_SEARCH_USER_PATHS = NO;
				CLANG_CXX_LANGUAGE_STANDARD = "gnu++0x";
				CLANG_CXX_LIBRARY = "libc++";
				CLANG_ENABLE_MODULES = YES;
				CLANG_ENABLE_OBJC_ARC = YES;
				CLANG_WARN_BOOL_CONVERSION = YES;
				CLANG_WARN_CONSTANT_CONVERSION = YES;
				CLANG_WARN_DIRECT_OBJC_ISA_USAGE = YES_ERROR;
				CLANG_WARN_EMPTY_BODY = YES;
				CLANG_WARN_ENUM_CONVERSION = YES;
				CLANG_WARN_INT_CONVERSION = YES;
				CLANG_WARN_OBJC_ROOT_CLASS = YES_ERROR;
				CLANG_WARN__DUPLICATE_METHOD_MATCH = YES;
				"CODE_SIGN_IDENTITY[sdk=iphoneos*]" = "iPhone Developer";
				COPY_PHASE_STRIP = YES;
				ENABLE_NS_ASSERTIONS = NO;
				GCC_C_LANGUAGE_STANDARD = gnu99;
				GCC_WARN_64_TO_32_BIT_CONVERSION = YES;
				GCC_WARN_ABOUT_RETURN_TYPE = YES_ERROR;
				GCC_WARN_UNDECLARED_SELECTOR = YES;
				GCC_WARN_UNINITIALIZED_AUTOS = YES_AGGRESSIVE;
				GCC_WARN_UNUSED_FUNCTION = YES;
				GCC_WARN_UNUSED_VARIABLE = YES;
				IPHONEOS_DEPLOYMENT_TARGET = 7.1;
				SDKROOT = iphoneos;
				VALIDATE_PRODUCT = YES;
			};
			name = Release;
		};
		47E4F7A319A56F6800CAFC41 /* Debug */ = {
			isa = XCBuildConfiguration;
			buildSettings = {
				ASSETCATALOG_COMPILER_APPICON_NAME = AppIcon;
				ASSETCATALOG_COMPILER_LAUNCHIMAGE_NAME = LaunchImage;
				GCC_PRECOMPILE_PREFIX_HEADER = YES;
				GCC_PREFIX_HEADER = "HypnoNerd/HypnoNerd-Prefix.pch";
				INFOPLIST_FILE = "HypnoNerd/HypnoNerd-Info.plist";
				PRODUCT_NAME = "$(TARGET_NAME)";
				WRAPPER_EXTENSION = app;
			};
			name = Debug;
		};
		47E4F7A419A56F6800CAFC41 /* Release */ = {
			isa = XCBuildConfiguration;
			buildSettings = {
				ASSETCATALOG_COMPILER_APPICON_NAME = AppIcon;
				ASSETCATALOG_COMPILER_LAUNCHIMAGE_NAME = LaunchImage;
				GCC_PRECOMPILE_PREFIX_HEADER = YES;
				GCC_PREFIX_HEADER = "HypnoNerd/HypnoNerd-Prefix.pch";
				INFOPLIST_FILE = "HypnoNerd/HypnoNerd-Info.plist";
				PRODUCT_NAME = "$(TARGET_NAME)";
				WRAPPER_EXTENSION = app;
			};
			name = Release;
		};
		47E4F7A619A56F6800CAFC41 /* Debug */ = {
			isa = XCBuildConfiguration;
			buildSettings = {
				BUNDLE_LOADER = "$(BUILT_PRODUCTS_DIR)/HypnoNerd.app/HypnoNerd";
				FRAMEWORK_SEARCH_PATHS = (
					"$(SDKROOT)/Developer/Library/Frameworks",
					"$(inherited)",
					"$(DEVELOPER_FRAMEWORKS_DIR)",
				);
				GCC_PRECOMPILE_PREFIX_HEADER = YES;
				GCC_PREFIX_HEADER = "HypnoNerd/HypnoNerd-Prefix.pch";
				GCC_PREPROCESSOR_DEFINITIONS = (
					"DEBUG=1",
					"$(inherited)",
				);
				INFOPLIST_FILE = "HypnoNerdTests/HypnoNerdTests-Info.plist";
				PRODUCT_NAME = "$(TARGET_NAME)";
				TEST_HOST = "$(BUNDLE_LOADER)";
				WRAPPER_EXTENSION = xctest;
			};
			name = Debug;
		};
		47E4F7A719A56F6800CAFC41 /* Release */ = {
			isa = XCBuildConfiguration;
			buildSettings = {
				BUNDLE_LOADER = "$(BUILT_PRODUCTS_DIR)/HypnoNerd.app/HypnoNerd";
				FRAMEWORK_SEARCH_PATHS = (
					"$(SDKROOT)/Developer/Library/Frameworks",
					"$(inherited)",
					"$(DEVELOPER_FRAMEWORKS_DIR)",
				);
				GCC_PRECOMPILE_PREFIX_HEADER = YES;
				GCC_PREFIX_HEADER = "HypnoNerd/HypnoNerd-Prefix.pch";
				INFOPLIST_FILE = "HypnoNerdTests/HypnoNerdTests-Info.plist";
				PRODUCT_NAME = "$(TARGET_NAME)";
				TEST_HOST = "$(BUNDLE_LOADER)";
				WRAPPER_EXTENSION = xctest;
			};
			name = Release;
		};
/* End XCBuildConfiguration section */

/* Begin XCConfigurationList section */
		47E4F77119A56F6800CAFC41 /* Build configuration list for PBXProject "HypnoNerd" */ = {
			isa = XCConfigurationList;
			buildConfigurations = (
				47E4F7A019A56F6800CAFC41 /* Debug */,
				47E4F7A119A56F6800CAFC41 /* Release */,
			);
			defaultConfigurationIsVisible = 0;
			defaultConfigurationName = Release;
		};
		47E4F7A219A56F6800CAFC41 /* Build configuration list for PBXNativeTarget "HypnoNerd" */ = {
			isa = XCConfigurationList;
			buildConfigurations = (
				47E4F7A319A56F6800CAFC41 /* Debug */,
				47E4F7A419A56F6800CAFC41 /* Release */,
			);
			defaultConfigurationIsVisible = 0;
		};
		47E4F7A519A56F6800CAFC41 /* Build configuration list for PBXNativeTarget "HypnoNerdTests" */ = {
			isa = XCConfigurationList;
			buildConfigurations = (
				47E4F7A619A56F6800CAFC41 /* Debug */,
				47E4F7A719A56F6800CAFC41 /* Release */,
			);
			defaultConfigurationIsVisible = 0;
		};
/* End XCConfigurationList section */
	};
	rootObject = 47E4F76E19A56F6800CAFC41 /* Project object */;
}
